
Microsoft Visual Studio Solution File, Format Version 12.00
# Visual Studio 14
VisualStudioVersion = 14.0.25123.0
MinimumVisualStudioVersion = 10.0.40219.1
Project("{FAE04EC0-301F-11D3-BF4B-00C04F79EFBC}") = "ICA03_WilliamFichtner", "ICA03_WilliamFichtner.csproj", "{24F54919-14E4-4B24-B95F-7285717BB722}"
EndProject
Global
	GlobalSection(SolutionConfigurationPlatforms) = preSolution
		Debug|Any CPU = Debug|Any CPU
		Release|Any CPU = Release|Any CPU
	EndGlobalSection
	GlobalSection(ProjectConfigurationPlatforms) = postSolution
		{24F54919-14E4-4B24-B95F-7285717BB722}.Debug|Any CPU.ActiveCfg = Debug|Any CPU
		{24F54919-14E4-4B24-B95F-7285717BB722}.Debug|Any CPU.Build.0 = Debug|Any CPU
		{24F54919-14E4-4B24-B95F-7285717BB722}.Release|Any CPU.ActiveCfg = Release|Any CPU
		{24F54919-14E4-4B24-B95F-7285717BB722}.Release|Any CPU.Build.0 = Release|Any CPU
	EndGlobalSection
	GlobalSection(SolutionProperties) = preSolution
		HideSolutionNode = FALSE
	EndGlobalSection
EndGlobal
